
Microsoft Visual Studio Solution File, Format Version 12.00
# Visual Studio 15
Project("{FAE04EC0-301F-11D3-BF4B-00C04F79EFBC}") = "ApplicationStartup.Android", "ApplicationStartup.Android\ApplicationStartup.Android.csproj", "{64EC9B8B-87D5-4B89-B50F-50732C8CDA5D}"
EndProject
Project("{FAE04EC0-301F-11D3-BF4B-00C04F79EFBC}") = "ApplicationStartup.iOS", "ApplicationStartup.iOS\ApplicationStartup.iOS.csproj", "{0B18C09F-336F-4C18-ABEC-A81907D1C288}"
EndProject
Project("{FAE04EC0-301F-11D3-BF4B-00C04F79EFBC}") = "ApplicationStartup", "ApplicationStartup\ApplicationStartup.csproj", "{B2B20644-6199-4793-B69C-16C69EFB6B6F}"
EndProject
Global
	GlobalSection(SolutionConfigurationPlatforms) = preSolution
		Debug|Any CPU = Debug|Any CPU
		Release|Any CPU = Release|Any CPU
		Debug|iPhoneSimulator = Debug|iPhoneSimulator
		Release|iPhoneSimulator = Release|iPhoneSimulator
		Debug|iPhone = Debug|iPhone
		Release|iPhone = Release|iPhone
		Ad-Hoc|iPhone = Ad-Hoc|iPhone
		AppStore|iPhone = AppStore|iPhone
	EndGlobalSection
	GlobalSection(ProjectConfigurationPlatforms) = postSolution
		{64EC9B8B-87D5-4B89-B50F-50732C8CDA5D}.Debug|Any CPU.ActiveCfg = Debug|Any CPU
		{64EC9B8B-87D5-4B89-B50F-50732C8CDA5D}.Debug|Any CPU.Build.0 = Debug|Any CPU
		{64EC9B8B-87D5-4B89-B50F-50732C8CDA5D}.Release|Any CPU.ActiveCfg = Release|Any CPU
		{64EC9B8B-87D5-4B89-B50F-50732C8CDA5D}.Release|Any CPU.Build.0 = Release|Any CPU
		{64EC9B8B-87D5-4B89-B50F-50732C8CDA5D}.Debug|iPhoneSimulator.ActiveCfg = Debug|Any CPU
		{64EC9B8B-87D5-4B89-B50F-50732C8CDA5D}.Debug|iPhoneSimulator.Build.0 = Debug|Any CPU
		{64EC9B8B-87D5-4B89-B50F-50732C8CDA5D}.Release|iPhoneSimulator.ActiveCfg = Release|Any CPU
		{64EC9B8B-87D5-4B89-B50F-50732C8CDA5D}.Release|iPhoneSimulator.Build.0 = Release|Any CPU
		{64EC9B8B-87D5-4B89-B50F-50732C8CDA5D}.Debug|iPhone.ActiveCfg = Debug|Any CPU
		{64EC9B8B-87D5-4B89-B50F-50732C8CDA5D}.Debug|iPhone.Build.0 = Debug|Any CPU
		{64EC9B8B-87D5-4B89-B50F-50732C8CDA5D}.Release|iPhone.ActiveCfg = Release|Any CPU
		{64EC9B8B-87D5-4B89-B50F-50732C8CDA5D}.Release|iPhone.Build.0 = Release|Any CPU
		{64EC9B8B-87D5-4B89-B50F-50732C8CDA5D}.Ad-Hoc|iPhone.ActiveCfg = Debug|Any CPU
		{64EC9B8B-87D5-4B89-B50F-50732C8CDA5D}.Ad-Hoc|iPhone.Build.0 = Debug|Any CPU
		{64EC9B8B-87D5-4B89-B50F-50732C8CDA5D}.AppStore|iPhone.ActiveCfg = Debug|Any CPU
		{64EC9B8B-87D5-4B89-B50F-50732C8CDA5D}.AppStore|iPhone.Build.0 = Debug|Any CPU
		{0B18C09F-336F-4C18-ABEC-A81907D1C288}.Debug|Any CPU.ActiveCfg = Debug|iPhoneSimulator
		{0B18C09F-336F-4C18-ABEC-A81907D1C288}.Debug|Any CPU.Build.0 = Debug|iPhoneSimulator
		{0B18C09F-336F-4C18-ABEC-A81907D1C288}.Release|Any CPU.ActiveCfg = Release|iPhoneSimulator
		{0B18C09F-336F-4C18-ABEC-A81907D1C288}.Release|Any CPU.Build.0 = Release|iPhoneSimulator
		{0B18C09F-336F-4C18-ABEC-A81907D1C288}.Debug|iPhoneSimulator.ActiveCfg = Debug|iPhoneSimulator
		{0B18C09F-336F-4C18-ABEC-A81907D1C288}.Debug|iPhoneSimulator.Build.0 = Debug|iPhoneSimulator
		{0B18C09F-336F-4C18-ABEC-A81907D1C288}.Release|iPhoneSimulator.ActiveCfg = Release|iPhoneSimulator
		{0B18C09F-336F-4C18-ABEC-A81907D1C288}.Release|iPhoneSimulator.Build.0 = Release|iPhoneSimulator
		{0B18C09F-336F-4C18-ABEC-A81907D1C288}.Debug|iPhone.ActiveCfg = Debug|iPhone
		{0B18C09F-336F-4C18-ABEC-A81907D1C288}.Debug|iPhone.Build.0 = Debug|iPhone
		{0B18C09F-336F-4C18-ABEC-A81907D1C288}.Release|iPhone.ActiveCfg = Release|iPhone
		{0B18C09F-336F-4C18-ABEC-A81907D1C288}.Release|iPhone.Build.0 = Release|iPhone
		{0B18C09F-336F-4C18-ABEC-A81907D1C288}.Ad-Hoc|iPhone.ActiveCfg = Ad-Hoc|iPhone
		{0B18C09F-336F-4C18-ABEC-A81907D1C288}.Ad-Hoc|iPhone.Build.0 = Ad-Hoc|iPhone
		{0B18C09F-336F-4C18-ABEC-A81907D1C288}.AppStore|iPhone.ActiveCfg = AppStore|iPhone
		{0B18C09F-336F-4C18-ABEC-A81907D1C288}.AppStore|iPhone.Build.0 = AppStore|iPhone
		{B2B20644-6199-4793-B69C-16C69EFB6B6F}.Debug|Any CPU.ActiveCfg = Debug|Any CPU
		{B2B20644-6199-4793-B69C-16C69EFB6B6F}.Debug|Any CPU.Build.0 = Debug|Any CPU
		{B2B20644-6199-4793-B69C-16C69EFB6B6F}.Release|Any CPU.ActiveCfg = Release|Any CPU
		{B2B20644-6199-4793-B69C-16C69EFB6B6F}.Release|Any CPU.Build.0 = Release|Any CPU
		{B2B20644-6199-4793-B69C-16C69EFB6B6F}.Debug|iPhoneSimulator.ActiveCfg = Debug|Any CPU
		{B2B20644-6199-4793-B69C-16C69EFB6B6F}.Debug|iPhoneSimulator.Build.0 = Debug|Any CPU
		{B2B20644-6199-4793-B69C-16C69EFB6B6F}.Release|iPhoneSimulator.ActiveCfg = Release|Any CPU
		{B2B20644-6199-4793-B69C-16C69EFB6B6F}.Release|iPhoneSimulator.Build.0 = Release|Any CPU
		{B2B20644-6199-4793-B69C-16C69EFB6B6F}.Debug|iPhone.ActiveCfg = Debug|Any CPU
		{B2B20644-6199-4793-B69C-16C69EFB6B6F}.Debug|iPhone.Build.0 = Debug|Any CPU
		{B2B20644-6199-4793-B69C-16C69EFB6B6F}.Release|iPhone.ActiveCfg = Release|Any CPU
		{B2B20644-6199-4793-B69C-16C69EFB6B6F}.Release|iPhone.Build.0 = Release|Any CPU
		{B2B20644-6199-4793-B69C-16C69EFB6B6F}.Ad-Hoc|iPhone.ActiveCfg = Debug|Any CPU
		{B2B20644-6199-4793-B69C-16C69EFB6B6F}.Ad-Hoc|iPhone.Build.0 = Debug|Any CPU
		{B2B20644-6199-4793-B69C-16C69EFB6B6F}.AppStore|iPhone.ActiveCfg = Debug|Any CPU
		{B2B20644-6199-4793-B69C-16C69EFB6B6F}.AppStore|iPhone.Build.0 = Debug|Any CPU
	EndGlobalSection
EndGlobal
